schema: '2.0'
stages:
  data_collection:
    cmd: python src/data/data_collection.py
    deps:
    - path: src/data/data_collection.py
      hash: md5
      md5: 92d53446db81812e663d0b777f6fc1b6
      size: 2152
    params:
      params.yaml:
        data_collection.test_size: 0.2
    outs:
    - path: data/raw
      hash: md5
      md5: ba9975ed48447ccb893e09979abad223.dir
      size: 522262
      nfiles: 2
  pre_processing:
    cmd: python src/data/data_prep.py
    deps:
    - path: data/raw
      hash: md5
      md5: ba9975ed48447ccb893e09979abad223.dir
      size: 522262
      nfiles: 2
    - path: src/data/data_prep.py
      hash: md5
      md5: 9f4f4f5eceda0f7f7cabd31810246b89
      size: 2058
    outs:
    - path: data/processed
      hash: md5
      md5: ac357d15196075cfcb1e62215545114c.dir
      size: 546895
      nfiles: 2
  model_building:
    cmd: python src/model/model_building.py
    deps:
    - path: data/processed
      hash: md5
      md5: ac357d15196075cfcb1e62215545114c.dir
      size: 546895
      nfiles: 2
    - path: src/model/model_building.py
      hash: md5
      md5: bf1741d1b650a8ed5ddab93fa155959a
      size: 2408
    params:
      params.yaml:
        model_building.n_estimators: 100
    outs:
    - path: models/model.pkl
      hash: md5
      md5: b0eb1ac620cfddd14c6d7e175619426b
      size: 7327507
  model_eval:
    cmd: python src/model/model_eval.py
    deps:
    - path: models/model.pkl
      hash: md5
      md5: b0eb1ac620cfddd14c6d7e175619426b
      size: 7327507
    - path: src/model/model_eval.py
      hash: md5
      md5: 86d0d6681802474b43341c872e567d68
      size: 3364
    outs:
    - path: reports/metrics.json
      hash: md5
      md5: 9092454275f60e28640b7e9f3a1972b7
      size: 152
